
Microsoft Visual Studio Solution File, Format Version 12.00
# Visual Studio 14
VisualStudioVersion = 14.0.25420.1
MinimumVisualStudioVersion = 10.0.40219.1
Project("{FAE04EC0-301F-11D3-BF4B-00C04F79EFBC}") = "SharpDungeon", "SharpDungeon\SharpDungeon.csproj", "{941739B5-009C-41FF-AB08-33F611C56A93}"
EndProject
Project("{FAE04EC0-301F-11D3-BF4B-00C04F79EFBC}") = "SharpDungeon.Test", "SharpDungeon.Test\SharpDungeon.Test.csproj", "{B8A68D81-C291-4C72-9D6D-813840C5B488}"
EndProject
Global
	GlobalSection(SolutionConfigurationPlatforms) = preSolution
		Debug|Any CPU = Debug|Any CPU
		Release|Any CPU = Release|Any CPU
	EndGlobalSection
	GlobalSection(ProjectConfigurationPlatforms) = postSolution
		{941739B5-009C-41FF-AB08-33F611C56A93}.Debug|Any CPU.ActiveCfg = Debug|Any CPU
		{941739B5-009C-41FF-AB08-33F611C56A93}.Debug|Any CPU.Build.0 = Debug|Any CPU
		{941739B5-009C-41FF-AB08-33F611C56A93}.Release|Any CPU.ActiveCfg = Release|Any CPU
		{941739B5-009C-41FF-AB08-33F611C56A93}.Release|Any CPU.Build.0 = Release|Any CPU
		{B8A68D81-C291-4C72-9D6D-813840C5B488}.Debug|Any CPU.ActiveCfg = Debug|Any CPU
		{B8A68D81-C291-4C72-9D6D-813840C5B488}.Debug|Any CPU.Build.0 = Debug|Any CPU
		{B8A68D81-C291-4C72-9D6D-813840C5B488}.Release|Any CPU.ActiveCfg = Release|Any CPU
		{B8A68D81-C291-4C72-9D6D-813840C5B488}.Release|Any CPU.Build.0 = Release|Any CPU
	EndGlobalSection
	GlobalSection(SolutionProperties) = preSolution
		HideSolutionNode = FALSE
	EndGlobalSection
EndGlobal
